PODS:
  - LazyScroll (1.0.1):
    - TMUtils (~> 1.0.1)
  - TMUtils (1.0.1)

DEPENDENCIES:
  - LazyScroll

SPEC REPOS:
  https://github.com/cocoapods/specs.git:
    - LazyScroll
    - TMUtils

SPEC CHECKSUMS:
  LazyScroll: 23f4550711452ad4306a30fc75106a7a5556a882
  TMUtils: 8af8e4695b6e4086d0545ecd7cd025556515ab42

PODFILE CHECKSUM: cc68c1a29d9b393bfb95caf68f7c69dff6e3d3ca

COCOAPODS: 1.5.2
